
Microsoft Visual Studio Solution File, Format Version 12.00
# Visual Studio Version 16
VisualStudioVersion = 25.0.1706.9
MinimumVisualStudioVersion = 10.0.40219.1
Project("{FAE04EC0-301F-11D3-BF4B-00C04F79EFBC}") = "SwinAdv", "SwinAdv\SwinAdv.csproj", "{5F8A1CA3-BA89-4478-82D5-0C6971CCC4B3}"
EndProject
Project("{FAE04EC0-301F-11D3-BF4B-00C04F79EFBC}") = "SwinAdvTest", "SwinAdvTest\SwinAdvTest.csproj", "{9846ED56-8CC9-4DB5-9BD6-9A15A0FCA23A}"
EndProject
Global
	GlobalSection(SolutionConfigurationPlatforms) = preSolution
		Debug|Any CPU = Debug|Any CPU
		Release|Any CPU = Release|Any CPU
	EndGlobalSection
	GlobalSection(ProjectConfigurationPlatforms) = postSolution
		{5F8A1CA3-BA89-4478-82D5-0C6971CCC4B3}.Debug|Any CPU.ActiveCfg = Debug|Any CPU
		{5F8A1CA3-BA89-4478-82D5-0C6971CCC4B3}.Debug|Any CPU.Build.0 = Debug|Any CPU
		{5F8A1CA3-BA89-4478-82D5-0C6971CCC4B3}.Release|Any CPU.ActiveCfg = Release|Any CPU
		{5F8A1CA3-BA89-4478-82D5-0C6971CCC4B3}.Release|Any CPU.Build.0 = Release|Any CPU
		{9846ED56-8CC9-4DB5-9BD6-9A15A0FCA23A}.Debug|Any CPU.ActiveCfg = Debug|Any CPU
		{9846ED56-8CC9-4DB5-9BD6-9A15A0FCA23A}.Debug|Any CPU.Build.0 = Debug|Any CPU
		{9846ED56-8CC9-4DB5-9BD6-9A15A0FCA23A}.Release|Any CPU.ActiveCfg = Release|Any CPU
		{9846ED56-8CC9-4DB5-9BD6-9A15A0FCA23A}.Release|Any CPU.Build.0 = Release|Any CPU
	EndGlobalSection
	GlobalSection(SolutionProperties) = preSolution
		HideSolutionNode = FALSE
	EndGlobalSection
	GlobalSection(ExtensibilityGlobals) = postSolution
		SolutionGuid = {138F4903-030E-479C-93DD-8E0A616CCFEC}
	EndGlobalSection
EndGlobal
