
Microsoft Visual Studio Solution File, Format Version 12.00
# Visual Studio Version 16
VisualStudioVersion = 25.0.1706.9
MinimumVisualStudioVersion = 10.0.40219.1
Project("{FAE04EC0-301F-11D3-BF4B-00C04F79EFBC}") = "HelloWorld", "HelloWorld.csproj", "{4036C88D-41D9-497C-B22E-219C942EDADE}"
EndProject
Global
	GlobalSection(SolutionConfigurationPlatforms) = preSolution
		Debug|Any CPU = Debug|Any CPU
		Release|Any CPU = Release|Any CPU
	EndGlobalSection
	GlobalSection(ProjectConfigurationPlatforms) = postSolution
		{4036C88D-41D9-497C-B22E-219C942EDADE}.Debug|Any CPU.ActiveCfg = Debug|Any CPU
		{4036C88D-41D9-497C-B22E-219C942EDADE}.Debug|Any CPU.Build.0 = Debug|Any CPU
		{4036C88D-41D9-497C-B22E-219C942EDADE}.Release|Any CPU.ActiveCfg = Release|Any CPU
		{4036C88D-41D9-497C-B22E-219C942EDADE}.Release|Any CPU.Build.0 = Release|Any CPU
	EndGlobalSection
	GlobalSection(SolutionProperties) = preSolution
		HideSolutionNode = FALSE
	EndGlobalSection
	GlobalSection(ExtensibilityGlobals) = postSolution
		SolutionGuid = {52FF58A7-F00F-49F6-96D8-3EF71F3C0DED}
	EndGlobalSection
EndGlobal
