
Microsoft Visual Studio Solution File, Format Version 12.00
# Visual Studio Version 16
VisualStudioVersion = 25.0.1706.6
MinimumVisualStudioVersion = 10.0.40219.1
Project("{FAE04EC0-301F-11D3-BF4B-00C04F79EFBC}") = "SplashKitDemo2", "SplashKitDemo2.csproj", "{5AA0C7F7-A449-43EB-86C2-8D57A7190ECF}"
EndProject
Global
	GlobalSection(SolutionConfigurationPlatforms) = preSolution
		Debug|Any CPU = Debug|Any CPU
		Release|Any CPU = Release|Any CPU
	EndGlobalSection
	GlobalSection(ProjectConfigurationPlatforms) = postSolution
		{5AA0C7F7-A449-43EB-86C2-8D57A7190ECF}.Debug|Any CPU.ActiveCfg = Debug|Any CPU
		{5AA0C7F7-A449-43EB-86C2-8D57A7190ECF}.Debug|Any CPU.Build.0 = Debug|Any CPU
		{5AA0C7F7-A449-43EB-86C2-8D57A7190ECF}.Release|Any CPU.ActiveCfg = Release|Any CPU
		{5AA0C7F7-A449-43EB-86C2-8D57A7190ECF}.Release|Any CPU.Build.0 = Release|Any CPU
	EndGlobalSection
	GlobalSection(SolutionProperties) = preSolution
		HideSolutionNode = FALSE
	EndGlobalSection
	GlobalSection(ExtensibilityGlobals) = postSolution
		SolutionGuid = {75B8F475-C5F3-4794-AB76-EC371D4C8E0F}
	EndGlobalSection
EndGlobal
