
Microsoft Visual Studio Solution File, Format Version 12.00
# Visual Studio Version 16
VisualStudioVersion = 25.0.1706.6
MinimumVisualStudioVersion = 10.0.40219.1
Project("{FAE04EC0-301F-11D3-BF4B-00C04F79EFBC}") = "CounterTask", "CounterClass\CounterTask.csproj", "{F09B9DBF-64FF-474B-AF50-5F53126DC4E9}"
EndProject
Global
	GlobalSection(SolutionConfigurationPlatforms) = preSolution
		Debug|Any CPU = Debug|Any CPU
		Release|Any CPU = Release|Any CPU
	EndGlobalSection
	GlobalSection(ProjectConfigurationPlatforms) = postSolution
		{F09B9DBF-64FF-474B-AF50-5F53126DC4E9}.Debug|Any CPU.ActiveCfg = Debug|Any CPU
		{F09B9DBF-64FF-474B-AF50-5F53126DC4E9}.Debug|Any CPU.Build.0 = Debug|Any CPU
		{F09B9DBF-64FF-474B-AF50-5F53126DC4E9}.Release|Any CPU.ActiveCfg = Release|Any CPU
		{F09B9DBF-64FF-474B-AF50-5F53126DC4E9}.Release|Any CPU.Build.0 = Release|Any CPU
	EndGlobalSection
	GlobalSection(SolutionProperties) = preSolution
		HideSolutionNode = FALSE
	EndGlobalSection
	GlobalSection(ExtensibilityGlobals) = postSolution
		SolutionGuid = {D00C0BD1-57EB-4EC2-BF86-545E3A92144A}
	EndGlobalSection
EndGlobal
